<?xml version="1.0" encoding="utf-8"?>
<Project ToolsVersion="4.0" xmlns="http://schemas.microsoft.com/developer/msbuild/2003">
  <ItemGroup>
    <Filter Include="來源檔案">
      <UniqueIdentifier>{4FC737F1-C7A5-4376-A066-2A32D752A2FF}</UniqueIdentifier>
      <Extensions>cpp;c;cc;cxx;c++;cppm;ixx;def;odl;idl;hpj;bat;asm;asmx</Extensions>
    </Filter>
    <Filter Include="標頭檔">
      <UniqueIdentifier>{93995380-89BD-4b04-88EB-625FBE52EBFB}</UniqueIdentifier>
      <Extensions>h;hh;hpp;hxx;h++;hm;inl;inc;ipp;xsd</Extensions>
    </Filter>
    <Filter Include="資源檔">
      <UniqueIdentifier>{67DA6AB6-F800-4c08-8B7A-83BB121AAD01}</UniqueIdentifier>
      <Extensions>rc;ico;cur;bmp;dlg;rc2;rct;bin;rgs;gif;jpg;jpeg;jpe;resx;tiff;tif;png;wav;mfcribbon-ms</Extensions>
    </Filter>
  </ItemGroup>
  <ItemGroup>
    <ClCompile Include="基地台.cpp">
      <Filter>來源檔案</Filter>
    </ClCompile>
    <ClCompile Include="線段聯集.cpp">
      <Filter>來源檔案</Filter>
    </ClCompile>
    <ClCompile Include="一次買賣.cpp">
      <Filter>來源檔案</Filter>
    </ClCompile>
    <ClCompile Include="最大連續子陣列.cpp">
      <Filter>來源檔案</Filter>
    </ClCompile>
    <ClCompile Include="貪心與掃描線.cpp">
      <Filter>來源檔案</Filter>
    </ClCompile>
    <ClCompile Include="控制點.cpp">
      <Filter>來源檔案</Filter>
    </ClCompile>
    <ClCompile Include="先到先服務.cpp">
      <Filter>來源檔案</Filter>
    </ClCompile>
    <ClCompile Include="恢復能量的白熊膽丸.cpp">
      <Filter>來源檔案</Filter>
    </ClCompile>
    <ClCompile Include="最靠近的一對.cpp">
      <Filter>來源檔案</Filter>
    </ClCompile>
    <ClCompile Include="最靠近的一對2.cpp">
      <Filter>來源檔案</Filter>
    </ClCompile>
    <ClCompile Include="最靠近的一對3.cpp">
      <Filter>來源檔案</Filter>
    </ClCompile>
    <ClCompile Include="恢復能量的白熊膽丸2.cpp">
      <Filter>來源檔案</Filter>
    </ClCompile>
    <ClCompile Include="先到先服務2.cpp">
      <Filter>來源檔案</Filter>
    </ClCompile>
    <ClCompile Include="賺錢與罰款.cpp">
      <Filter>來源檔案</Filter>
    </ClCompile>
    <ClCompile Include="五嶽盟主的會議場所.cpp">
      <Filter>來源檔案</Filter>
    </ClCompile>
    <ClCompile Include="監看華山練功場.cpp">
      <Filter>來源檔案</Filter>
    </ClCompile>
    <ClCompile Include="監看華山練功場2.cpp">
      <Filter>來源檔案</Filter>
    </ClCompile>
    <ClCompile Include="五嶽盟主的會議場所2.cpp">
      <Filter>來源檔案</Filter>
    </ClCompile>
  </ItemGroup>
</Project>