<?xml version="1.0" encoding="utf-8"?>
<Project ToolsVersion="4.0" xmlns="http://schemas.microsoft.com/developer/msbuild/2003">
  <ItemGroup>
    <Filter Include="來源檔案">
      <UniqueIdentifier>{4FC737F1-C7A5-4376-A066-2A32D752A2FF}</UniqueIdentifier>
      <Extensions>cpp;c;cc;cxx;c++;cppm;ixx;def;odl;idl;hpj;bat;asm;asmx</Extensions>
    </Filter>
    <Filter Include="標頭檔">
      <UniqueIdentifier>{93995380-89BD-4b04-88EB-625FBE52EBFB}</UniqueIdentifier>
      <Extensions>h;hh;hpp;hxx;h++;hm;inl;inc;ipp;xsd</Extensions>
    </Filter>
    <Filter Include="資源檔">
      <UniqueIdentifier>{67DA6AB6-F800-4c08-8B7A-83BB121AAD01}</UniqueIdentifier>
      <Extensions>rc;ico;cur;bmp;dlg;rc2;rct;bin;rgs;gif;jpg;jpeg;jpe;resx;tiff;tif;png;wav;mfcribbon-ms</Extensions>
    </Filter>
  </ItemGroup>
  <ItemGroup>
    <ClCompile Include="樹上的推銷員.cpp">
      <Filter>來源檔案</Filter>
    </ClCompile>
    <ClCompile Include="物流派送系統.cpp">
      <Filter>來源檔案</Filter>
    </ClCompile>
    <ClCompile Include="購物中心選位置.cpp">
      <Filter>來源檔案</Filter>
    </ClCompile>
    <ClCompile Include="自動分裝.cpp">
      <Filter>來源檔案</Filter>
    </ClCompile>
    <ClCompile Include="自動分裝2.cpp">
      <Filter>來源檔案</Filter>
    </ClCompile>
    <ClCompile Include="寶石的顏色.cpp">
      <Filter>來源檔案</Filter>
    </ClCompile>
    <ClCompile Include="闖關路線.cpp">
      <Filter>來源檔案</Filter>
    </ClCompile>
    <ClCompile Include="挖坑跳.cpp">
      <Filter>來源檔案</Filter>
    </ClCompile>
    <ClCompile Include="樹狀圖的距離總和.cpp">
      <Filter>來源檔案</Filter>
    </ClCompile>
    <ClCompile Include="不同成本的購物中心.cpp">
      <Filter>來源檔案</Filter>
    </ClCompile>
    <ClCompile Include="間諜竊聽網.cpp">
      <Filter>來源檔案</Filter>
    </ClCompile>
    <ClCompile Include="不同成本的購物中心 (%40%40).cpp">
      <Filter>來源檔案</Filter>
    </ClCompile>
    <ClCompile Include="Subtree_Queries.cpp">
      <Filter>來源檔案</Filter>
    </ClCompile>
    <ClCompile Include="樹上一位不回家的推銷員.cpp">
      <Filter>來源檔案</Filter>
    </ClCompile>
    <ClCompile Include="病毒演化.cpp">
      <Filter>來源檔案</Filter>
    </ClCompile>
  </ItemGroup>
</Project>